
Microsoft Visual Studio Solution File, Format Version 12.00
# Visual Studio Version 17
VisualStudioVersion = 17.6.33829.357
MinimumVisualStudioVersion = 10.0.40219.1
Project("{FAE04EC0-301F-11D3-BF4B-00C04F79EFBC}") = "CargaDeEmpleados", "CargaDeEmpleados\CargaDeEmpleados.csproj", "{962BAF8C-8C87-431A-A22E-19560899AC54}"
EndProject
Global
	GlobalSection(SolutionConfigurationPlatforms) = preSolution
		Debug|Any CPU = Debug|Any CPU
		Release|Any CPU = Release|Any CPU
	EndGlobalSection
	GlobalSection(ProjectConfigurationPlatforms) = postSolution
		{962BAF8C-8C87-431A-A22E-19560899AC54}.Debug|Any CPU.ActiveCfg = Debug|Any CPU
		{962BAF8C-8C87-431A-A22E-19560899AC54}.Debug|Any CPU.Build.0 = Debug|Any CPU
		{962BAF8C-8C87-431A-A22E-19560899AC54}.Release|Any CPU.ActiveCfg = Release|Any CPU
		{962BAF8C-8C87-431A-A22E-19560899AC54}.Release|Any CPU.Build.0 = Release|Any CPU
	EndGlobalSection
	GlobalSection(SolutionProperties) = preSolution
		HideSolutionNode = FALSE
	EndGlobalSection
	GlobalSection(ExtensibilityGlobals) = postSolution
		SolutionGuid = {DE6FA2BA-3D78-45D2-930D-505B69297BCF}
	EndGlobalSection
EndGlobal
